{
  "name": "tenbyte-docs",
  "lockfileVersion": 3,
  "requires": true,
  "packages": {
    "": {
      "dependencies": {
        "disqus-react": "^1.1.7"
      }
    },
    "node_modules/disqus-react": {
      "version": "1.1.7",
      "resolved": "https://registry.npmjs.org/disqus-react/-/disqus-react-1.1.7.tgz",
      "integrity": "sha512-O+3q6weESpfCBumz45F+8Ue26zUn7UI62BCYwscoBszSr9vWPJohMiTtZWL/m8AyFba53bsSEhwyJcrTnXDMpg==",
      "license": "MIT",
      "peerDependencies": {
        "react": "^15.6.1 || ^16.0.0 || ^17.0.0 || ^18.0.0 || ^19.0.0",
        "react-dom": "^15.6.1 || ^16.0.0 || ^17.0.0 || ^18.0.0 || ^19.0.0"
      }
    },
    "node_modules/react": {
      "version": "19.2.6",
      "resolved": "https://registry.npmjs.org/react/-/react-19.2.6.tgz",
      "integrity": "sha512-sfWGGfavi0xr8Pg0sVsyHMAOziVYKgPLNrS7ig+ivMNb3wbCBw3KxtflsGBAwD3gYQlE/AEZsTLgToRrSCjb0Q==",
      "license": "MIT",
      "peer": true,
      "engines": {
        "node": ">=0.10.0"
      }
    },
    "node_modules/react-dom": {
      "version": "19.2.6",
      "resolved": "https://registry.npmjs.org/react-dom/-/react-dom-19.2.6.tgz",
      "integrity": "sha512-0prMI+hvBbPjsWnxDLxlCGyM8PN6UuWjEUCYmZhO67xIV9Xasa/r/vDnq+Xyq4Lo27g8QSbO5YzARu0D1Sps3g==",
      "license": "MIT",
      "peer": true,
      "dependencies": {
        "scheduler": "^0.27.0"
      },
      "peerDependencies": {
        "react": "^19.2.6"
      }
    },
    "node_modules/scheduler": {
      "version": "0.27.0",
      "resolved": "https://registry.npmjs.org/scheduler/-/scheduler-0.27.0.tgz",
      "integrity": "sha512-eNv+WrVbKu1f3vbYJT/xtiF5syA5HPIMtf9IgY/nKg0sWqzAUEvqY/xm7OcZc/qafLx/iO9FgOmeSAp4v5ti/Q==",
      "license": "MIT",
      "peer": true
    }
  }
}
